Microsoft Visual Studio Solution File, Format Version 12.00
# Visual Studio Version 17
VisualStudioVersion = 17.0.31903.59
MinimumVisualStudioVersion = 10.0.40219.1
Project("{9A19103F-16F7-4668-BE54-9A1E7A4F7556}") = "Partcounter.App", "src\Partcounter.App\Partcounter.App.csproj", "{FA58ACCF-D766-4C22-9C2E-1D87E85E7D86}"
EndProject
Global
	GlobalSection(SolutionConfigurationPlatforms) = preSolution
		Debug|Any CPU = Debug|Any CPU
		Release|Any CPU = Release|Any CPU
	EndGlobalSection
	GlobalSection(ProjectConfigurationPlatforms) = postSolution
		{FA58ACCF-D766-4C22-9C2E-1D87E85E7D86}.Debug|Any CPU.ActiveCfg = Debug|Any CPU
		{FA58ACCF-D766-4C22-9C2E-1D87E85E7D86}.Debug|Any CPU.Build.0 = Debug|Any CPU
		{FA58ACCF-D766-4C22-9C2E-1D87E85E7D86}.Release|Any CPU.ActiveCfg = Release|Any CPU
		{FA58ACCF-D766-4C22-9C2E-1D87E85E7D86}.Release|Any CPU.Build.0 = Release|Any CPU
	EndGlobalSection
EndGlobal
